
Microsoft Visual Studio Solution File, Format Version 12.00
# Visual Studio 15
VisualStudioVersion = 15.0.28307.421
MinimumVisualStudioVersion = 10.0.40219.1
Project("{FAE04EC0-301F-11D3-BF4B-00C04F79EFBC}") = "cafemenu", "cafemenu\cafemenu.csproj", "{6E84F7EF-F9CB-4F1E-869B-33F7DB88ADDB}"
EndProject
Project("{FAE04EC0-301F-11D3-BF4B-00C04F79EFBC}") = "cafemenucore", "cafemenucore\cafemenucore.csproj", "{0723DEC3-BCC9-4C4B-8925-EA500D3C2EFC}"
EndProject
Global
	GlobalSection(SolutionConfigurationPlatforms) = preSolution
		Debug|Any CPU = Debug|Any CPU
		Release|Any CPU = Release|Any CPU
	EndGlobalSection
	GlobalSection(ProjectConfigurationPlatforms) = postSolution
		{6E84F7EF-F9CB-4F1E-869B-33F7DB88ADDB}.Debug|Any CPU.ActiveCfg = Debug|Any CPU
		{6E84F7EF-F9CB-4F1E-869B-33F7DB88ADDB}.Debug|Any CPU.Build.0 = Debug|Any CPU
		{6E84F7EF-F9CB-4F1E-869B-33F7DB88ADDB}.Release|Any CPU.ActiveCfg = Release|Any CPU
		{6E84F7EF-F9CB-4F1E-869B-33F7DB88ADDB}.Release|Any CPU.Build.0 = Release|Any CPU
		{0723DEC3-BCC9-4C4B-8925-EA500D3C2EFC}.Debug|Any CPU.ActiveCfg = Debug|Any CPU
		{0723DEC3-BCC9-4C4B-8925-EA500D3C2EFC}.Debug|Any CPU.Build.0 = Debug|Any CPU
		{0723DEC3-BCC9-4C4B-8925-EA500D3C2EFC}.Release|Any CPU.ActiveCfg = Release|Any CPU
		{0723DEC3-BCC9-4C4B-8925-EA500D3C2EFC}.Release|Any CPU.Build.0 = Release|Any CPU
	EndGlobalSection
	GlobalSection(SolutionProperties) = preSolution
		HideSolutionNode = FALSE
	EndGlobalSection
	GlobalSection(ExtensibilityGlobals) = postSolution
		SolutionGuid = {5D3A2B96-826C-47FB-AB6C-6FFBF184CAD9}
	EndGlobalSection
EndGlobal
